PODS:
  - Action (3.11.0):
    - RxCocoa (~> 4.0)
    - RxSwift (~> 4.0)
  - Alamofire (4.9.1)
  - Differentiator (3.1.0)
  - Hero (1.5.0)
  - JGProgressHUD (2.1)
  - Nuke (9.1.1)
  - PINCache (3.0.1-beta.8):
    - PINCache/Arc-exception-safe (= 3.0.1-beta.8)
    - PINCache/Core (= 3.0.1-beta.8)
  - PINCache/Arc-exception-safe (3.0.1-beta.8):
    - PINCache/Core
  - PINCache/Core (3.0.1-beta.8):
    - PINOperation (~> 1.1.1)
  - PINOperation (1.1.2)
  - PINRemoteImage/Core (3.0.0):
    - PINOperation
  - PINRemoteImage/iOS (3.0.0):
    - PINRemoteImage/Core
  - PINRemoteImage/PINCache (3.0.0):
    - PINCache (= 3.0.1-beta.8)
    - PINRemoteImage/Core
  - Realm (3.21.0):
    - Realm/Headers (= 3.21.0)
  - Realm/Headers (3.21.0)
  - RealmSwift (3.21.0):
    - Realm (= 3.21.0)
  - Reusable (4.1.1):
    - Reusable/Storyboard (= 4.1.1)
    - Reusable/View (= 4.1.1)
  - Reusable/Storyboard (4.1.1)
  - Reusable/View (4.1.1)
  - RxAlamofire (4.4.1):
    - RxAlamofire/Core (= 4.4.1)
  - RxAlamofire/Core (4.4.1):
    - Alamofire (~> 4.8)
    - RxSwift (~> 4.5)
  - RxCocoa (4.5.0):
    - RxSwift (>= 4.4.2, ~> 4.4)
  - RxDataSources (3.1.0):
    - Differentiator (~> 3.0)
    - RxCocoa (~> 4.0)
    - RxSwift (~> 4.0)
  - RxGesture (2.2.0):
    - RxCocoa (~> 4.5)
    - RxSwift (~> 4.5)
  - RxRealm (0.7.6):
    - RealmSwift (~> 3.0)
    - RxSwift (~> 4.0)
  - RxSwift (4.5.0)
  - RxSwiftExt (3.4.0):
    - RxSwiftExt/Core (= 3.4.0)
    - RxSwiftExt/RxCocoa (= 3.4.0)
  - RxSwiftExt/Core (3.4.0):
    - RxSwift (~> 4.0)
  - RxSwiftExt/RxCocoa (3.4.0):
    - RxCocoa (~> 4.0)
    - RxSwiftExt/Core
  - RxViewModel (6.0.0):
    - RxSwift (~> 4.0)
  - SwiftLint (0.39.2)
  - Texture (3.0.0):
    - Texture/AssetsLibrary (= 3.0.0)
    - Texture/Core (= 3.0.0)
    - Texture/MapKit (= 3.0.0)
    - Texture/Photos (= 3.0.0)
    - Texture/PINRemoteImage (= 3.0.0)
    - Texture/Video (= 3.0.0)
  - Texture/AssetsLibrary (3.0.0):
    - Texture/Core
  - Texture/Core (3.0.0)
  - Texture/MapKit (3.0.0):
    - Texture/Core
  - Texture/Photos (3.0.0):
    - Texture/Core
  - Texture/PINRemoteImage (3.0.0):
    - PINRemoteImage/iOS (~> 3.0.0)
    - PINRemoteImage/PINCache
    - Texture/Core
  - Texture/Video (3.0.0):
    - Texture/Core
  - TextureSwiftSupport (3.0.1):
    - Texture/Core (~> 3)

DEPENDENCIES:
  - Action
  - Hero
  - JGProgressHUD
  - Nuke
  - RealmSwift
  - Reusable
  - RxAlamofire
  - RxCocoa
  - RxDataSources
  - RxGesture
  - RxRealm
  - RxSwift
  - RxSwiftExt
  - RxViewModel
  - SwiftLint
  - Texture (~> 3.0)
  - TextureSwiftSupport

SPEC REPOS:
  trunk:
    - Action
    - Alamofire
    - Differentiator
    - Hero
    - JGProgressHUD
    - Nuke
    - PINCache
    - PINOperation
    - PINRemoteImage
    - Realm
    - RealmSwift
    - Reusable
    - RxAlamofire
    - RxCocoa
    - RxDataSources
    - RxGesture
    - RxRealm
    - RxSwift
    - RxSwiftExt
    - RxViewModel
    - SwiftLint
    - Texture
    - TextureSwiftSupport

SPEC CHECKSUMS:
  Action: 689181e4c3f6566844178d8a7da6fef39a9597fc
  Alamofire: 85e8a02c69d6020a0d734f6054870d7ecb75cf18
  Differentiator: be49ca3408f0ecfc761e4c7763d20c62be01b9ad
  Hero: b7385b75e7259da62f4f85462f59a5082d66b058
  JGProgressHUD: aa403e9a5b45cae98903c4600cccdd98c0c3ec90
  Nuke: af4301b154d3afd8a3b045a5194a9a773a00b7a8
  PINCache: 534fd41d358d828dfdf227a0d327f3673a65e20b
  PINOperation: 24b774353ca248fcf87d67b2d61eef42087c125a
  PINRemoteImage: e2b89e19fb6e77ffc099f9d9f3b3fe1745e3f9f9
  Realm: 38e9dcb19104b58407167d99f70d4995f7c16023
  RealmSwift: 3183cc1ad48378fbcd634311b22c0e6c44021152
  Reusable: 53a9acf5c536f229b31b5865782414b508252ddb
  RxAlamofire: ed65f451f5a9a59419b0b9e705043dc01410edd9
  RxCocoa: cbf70265dc65a981d4ac982e513c10cf23df24a0
  RxDataSources: a843bad90c29817f5923ec8163f4af2de084ceb3
  RxGesture: c1b7bf17166b0ef9d642a9510f8bac5785f18990
  RxRealm: 5379eddd74f8d617ca7681d1f8d144af25b432b0
  RxSwift: f172070dfd1a93d70a9ab97a5a01166206e1c575
  RxSwiftExt: 01f8ecbeeb355698e9c75365ebe908b00dacf45d
  RxViewModel: a50db3976409628887bad943825ab5f641275f0c
  SwiftLint: 22ccbbe3b8008684be5955693bab135e0ed6a447
  Texture: 2f109e937850d94d1d07232041c9c7313ccddb81
  TextureSwiftSupport: 942c828d13795e35b0fa6eb93a80e28409677f2e

PODFILE CHECKSUM: c06ccf7329c7d4dfaa55c519a12c234c3afacece

COCOAPODS: 1.9.1
